// !$*UTF8*$!
{
	archiveVersion = 1;
	classes = {
	};
	objectVersion = 46;
	objects = {

/* Begin PBXBuildFile section */
		F202544015B615DC00083755 /* Cocoa.framework in Frameworks */ = {isa = PBXBuildFile; fileRef = F202543F15B615DC00083755 /* Cocoa.framework */; };
		F202544A15B615DC00083755 /* InfoPlist.strings in Resources */ = {isa = PBXBuildFile; fileRef = F202544815B615DC00083755 /* InfoPlist.strings */; };
		F202545615B615DC00083755 /* SenTestingKit.framework in Frameworks */ = {isa = PBXBuildFile; fileRef = F202545515B615DC00083755 /* SenTestingKit.framework */; };
		F202545715B615DC00083755 /* Cocoa.framework in Frameworks */ = {isa = PBXBuildFile; fileRef = F202543F15B615DC00083755 /* Cocoa.framework */; };
		F202545A15B615DC00083755 /* WaveTools.framework in Frameworks */ = {isa = PBXBuildFile; fileRef = F202543C15B615DC00083755 /* WaveTools.framework */; };
		F202546015B615DC00083755 /* InfoPlist.strings in Resources */ = {isa = PBXBuildFile; fileRef = F202545E15B615DC00083755 /* InfoPlist.strings */; };
		F202546215B615DC00083755 /* WaveToolsTests.h in Resources */ = {isa = PBXBuildFile; fileRef = F202546115B615DC00083755 /* WaveToolsTests.h */; };
		F202546415B615DC00083755 /* WaveToolsTests.m in Sources */ = {isa = PBXBuildFile; fileRef = F202546315B615DC00083755 /* WaveToolsTests.m */; };
		F202546F15B6180800083755 /* DWTMath.h in Headers */ = {isa = PBXBuildFile; fileRef = F202546D15B6180800083755 /* DWTMath.h */; settings = {ATTRIBUTES = (Public, ); }; };
		F202547015B6180800083755 /* DWTMath.m in Sources */ = {isa = PBXBuildFile; fileRef = F202546E15B6180800083755 /* DWTMath.m */; };
		F26B869915BB3D2400844298 /* WaveChunkTests.m in Sources */ = {isa = PBXBuildFile; fileRef = F26B869815BB3D2400844298 /* WaveChunkTests.m */; };
		F27BDDB815BB70E800AF31E6 /* DWTWaveListAdtlChunk.h in Headers */ = {isa = PBXBuildFile; fileRef = F27BDDB615BB70E700AF31E6 /* DWTWaveListAdtlChunk.h */; settings = {ATTRIBUTES = (Public, ); }; };
		F27BDDB915BB70E800AF31E6 /* DWTWaveListAdtlChunk.m in Sources */ = {isa = PBXBuildFile; fileRef = F27BDDB715BB70E800AF31E6 /* DWTWaveListAdtlChunk.m */; };
		F27BDDBD15BB718400AF31E6 /* DWTWaveLabelChunk.h in Headers */ = {isa = PBXBuildFile; fileRef = F27BDDBB15BB718400AF31E6 /* DWTWaveLabelChunk.h */; settings = {ATTRIBUTES = (Public, ); }; };
		F27BDDBE15BB718400AF31E6 /* DWTWaveLabelChunk.m in Sources */ = {isa = PBXBuildFile; fileRef = F27BDDBC15BB718400AF31E6 /* DWTWaveLabelChunk.m */; };
		F27BDDC115BB7D6B00AF31E6 /* DWTWaveCueChunk.h in Headers */ = {isa = PBXBuildFile; fileRef = F27BDDBF15BB7D6B00AF31E6 /* DWTWaveCueChunk.h */; settings = {ATTRIBUTES = (Public, ); }; };
		F27BDDC215BB7D6B00AF31E6 /* DWTWaveCueChunk.m in Sources */ = {isa = PBXBuildFile; fileRef = F27BDDC015BB7D6B00AF31E6 /* DWTWaveCueChunk.m */; };
		F27BDDC515BB836A00AF31E6 /* NSData+WaveToolsExtensions.h in Headers */ = {isa = PBXBuildFile; fileRef = F27BDDC315BB836A00AF31E6 /* NSData+WaveToolsExtensions.h */; };
		F27BDDC615BB836A00AF31E6 /* NSData+WaveToolsExtensions.m in Sources */ = {isa = PBXBuildFile; fileRef = F27BDDC415BB836A00AF31E6 /* NSData+WaveToolsExtensions.m */; };
		F27BDDC915BB9BE000AF31E6 /* DWTWaveSilentChunk.h in Headers */ = {isa = PBXBuildFile; fileRef = F27BDDC715BB9BDF00AF31E6 /* DWTWaveSilentChunk.h */; settings = {ATTRIBUTES = (Public, ); }; };
		F27BDDCA15BB9BE000AF31E6 /* DWTWaveSilentChunk.m in Sources */ = {isa = PBXBuildFile; fileRef = F27BDDC815BB9BE000AF31E6 /* DWTWaveSilentChunk.m */; };
		F27BDDD115BBB73F00AF31E6 /* DWTWavePlaylistChunk.h in Headers */ = {isa = PBXBuildFile; fileRef = F27BDDCF15BBB73F00AF31E6 /* DWTWavePlaylistChunk.h */; settings = {ATTRIBUTES = (Public, ); }; };
		F27BDDD215BBB73F00AF31E6 /* DWTWavePlaylistChunk.m in Sources */ = {isa = PBXBuildFile; fileRef = F27BDDD015BBB73F00AF31E6 /* DWTWavePlaylistChunk.m */; };
		F2EC842515B61A910069145A /* WaveTools.h in Headers */ = {isa = PBXBuildFile; fileRef = F202544C15B615DC00083755 /* WaveTools.h */; settings = {ATTRIBUTES = (Public, ); }; };
		F2EC842915B61ABB0069145A /* WaveToolsLocalization.h in Headers */ = {isa = PBXBuildFile; fileRef = F2EC842715B61ABA0069145A /* WaveToolsLocalization.h */; };
		F2EC842D15B61BEE0069145A /* WaveToolsBundleUtils.h in Headers */ = {isa = PBXBuildFile; fileRef = F2EC842B15B61BEE0069145A /* WaveToolsBundleUtils.h */; settings = {ATTRIBUTES = (Public, ); }; };
		F2EC842E15B61BEE0069145A /* WaveToolsBundleUtils.m in Sources */ = {isa = PBXBuildFile; fileRef = F2EC842C15B61BEE0069145A /* WaveToolsBundleUtils.m */; };
		F2EC843615B638930069145A /* DWTWaveChunk.h in Headers */ = {isa = PBXBuildFile; fileRef = F2EC843415B638930069145A /* DWTWaveChunk.h */; settings = {ATTRIBUTES = (Public, ); }; };
		F2EC843715B638930069145A /* DWTWaveChunk.m in Sources */ = {isa = PBXBuildFile; fileRef = F2EC843515B638930069145A /* DWTWaveChunk.m */; };
		F2EC843A15B63AEF0069145A /* DWTWaveUnknownChunk.h in Headers */ = {isa = PBXBuildFile; fileRef = F2EC843815B63AEF0069145A /* DWTWaveUnknownChunk.h */; settings = {ATTRIBUTES = (Public, ); }; };
		F2EC843B15B63AEF0069145A /* DWTWaveUnknownChunk.m in Sources */ = {isa = PBXBuildFile; fileRef = F2EC843915B63AEF0069145A /* DWTWaveUnknownChunk.m */; };
		F2EC843E15B648E40069145A /* DWTWaveDataChunk.h in Headers */ = {isa = PBXBuildFile; fileRef = F2EC843C15B648E40069145A /* DWTWaveDataChunk.h */; settings = {ATTRIBUTES = (Public, ); }; };
		F2EC843F15B648E40069145A /* DWTWaveDataChunk.m in Sources */ = {isa = PBXBuildFile; fileRef = F2EC843D15B648E40069145A /* DWTWaveDataChunk.m */; };
		F2EC844215B6496D0069145A /* DWTWaveFmtChunk.h in Headers */ = {isa = PBXBuildFile; fileRef = F2EC844015B6496D0069145A /* DWTWaveFmtChunk.h */; settings = {ATTRIBUTES = (Public, ); }; };
		F2EC844315B6496D0069145A /* DWTWaveFmtChunk.m in Sources */ = {isa = PBXBuildFile; fileRef = F2EC844115B6496D0069145A /* DWTWaveFmtChunk.m */; };
		F2EC844615B64AF50069145A /* DWTWaveChunkClasses.plist in Resources */ = {isa = PBXBuildFile; fileRef = F2EC844515B64AF50069145A /* DWTWaveChunkClasses.plist */; };
		F2EC844915B64B510069145A /* DWTWaveGenericListChunk.h in Headers */ = {isa = PBXBuildFile; fileRef = F2EC844715B64B510069145A /* DWTWaveGenericListChunk.h */; settings = {ATTRIBUTES = (Public, ); }; };
		F2EC844A15B64B510069145A /* DWTWaveGenericListChunk.m in Sources */ = {isa = PBXBuildFile; fileRef = F2EC844815B64B510069145A /* DWTWaveGenericListChunk.m */; };
		F2EC844D15B64BA80069145A /* DWTWaveListInfoChunk.h in Headers */ = {isa = PBXBuildFile; fileRef = F2EC844B15B64BA80069145A /* DWTWaveListInfoChunk.h */; settings = {ATTRIBUTES = (Public, ); }; };
		F2EC844E15B64BA80069145A /* DWTWaveListInfoChunk.m in Sources */ = {isa = PBXBuildFile; fileRef = F2EC844C15B64BA80069145A /* DWTWaveListInfoChunk.m */; };
		F2EC845115B64C250069145A /* DWTWaveStringChunk.h in Headers */ = {isa = PBXBuildFile; fileRef = F2EC844F15B64C250069145A /* DWTWaveStringChunk.h */; settings = {ATTRIBUTES = (Public, ); }; };
		F2EC845215B64C250069145A /* DWTWaveStringChunk.m in Sources */ = {isa = PBXBuildFile; fileRef = F2EC845015B64C250069145A /* DWTWaveStringChunk.m */; };
/* End PBXBuildFile section */

/* Begin PBXContainerItemProxy section */
		F202545815B615DC00083755 /* PBXContainerItemProxy */ = {
			isa = PBXContainerItemProxy;
			containerPortal = F202543215B615DC00083755 /* Project object */;
			proxyType = 1;
			remoteGlobalIDString = F202543B15B615DC00083755;
			remoteInfo = WaveTools;
		};
/* End PBXContainerItemProxy section */

/* Begin PBXFileReference section */
		F202543C15B615DC00083755 /* WaveTools.framework */ = {isa = PBXFileReference; explicitFileType = wrapper.framework; includeInIndex = 0; path = WaveTools.framework; sourceTree = BUILT_PRODUCTS_DIR; };
		F202543F15B615DC00083755 /* Cocoa.framework */ = {isa = PBXFileReference; lastKnownFileType = wrapper.framework; name = Cocoa.framework; path = System/Library/Frameworks/Cocoa.framework; sourceTree = SDKROOT; };
		F202544215B615DC00083755 /* AppKit.framework */ = {isa = PBXFileReference; lastKnownFileType = wrapper.framework; name = AppKit.framework; path = System/Library/Frameworks/AppKit.framework; sourceTree = SDKROOT; };
		F202544315B615DC00083755 /* CoreData.framework */ = {isa = PBXFileReference; lastKnownFileType = wrapper.framework; name = CoreData.framework; path = System/Library/Frameworks/CoreData.framework; sourceTree = SDKROOT; };
		F202544415B615DC00083755 /* Foundation.framework */ = {isa = PBXFileReference; lastKnownFileType = wrapper.framework; name = Foundation.framework; path = System/Library/Frameworks/Foundation.framework; sourceTree = SDKROOT; };
		F202544715B615DC00083755 /* WaveTools-Info.plist */ = {isa = PBXFileReference; lastKnownFileType = text.plist.xml; path = "WaveTools-Info.plist"; sourceTree = "<group>"; };
		F202544915B615DC00083755 /* en */ = {isa = PBXFileReference; lastKnownFileType = text.plist.strings; name = en; path = en.lproj/InfoPlist.strings; sourceTree = "<group>"; };
		F202544B15B615DC00083755 /* WaveTools-Prefix.pch */ = {isa = PBXFileReference; lastKnownFileType = sourcecode.c.h; path = "WaveTools-Prefix.pch"; sourceTree = "<group>"; };
		F202544C15B615DC00083755 /* WaveTools.h */ = {isa = PBXFileReference; lastKnownFileType = sourcecode.c.h; path = WaveTools.h; sourceTree = "<group>"; };
		F202545415B615DC00083755 /* WaveToolsTests.octest */ = {isa = PBXFileReference; explicitFileType = wrapper.cfbundle; includeInIndex = 0; path = WaveToolsTests.octest; sourceTree = BUILT_PRODUCTS_DIR; };
		F202545515B615DC00083755 /* SenTestingKit.framework */ = {isa = PBXFileReference; lastKnownFileType = wrapper.framework; name = SenTestingKit.framework; path = Library/Frameworks/SenTestingKit.framework; sourceTree = DEVELOPER_DIR; };
		F202545D15B615DC00083755 /* WaveToolsTests-Info.plist */ = {isa = PBXFileReference; lastKnownFileType = text.plist.xml; path = "WaveToolsTests-Info.plist"; sourceTree = "<group>"; };
		F202545F15B615DC00083755 /* en */ = {isa = PBXFileReference; lastKnownFileType = text.plist.strings; name = en; path = en.lproj/InfoPlist.strings; sourceTree = "<group>"; };
		F202546115B615DC00083755 /* WaveToolsTests.h */ = {isa = PBXFileReference; lastKnownFileType = sourcecode.c.h; path = WaveToolsTests.h; sourceTree = "<group>"; };
		F202546315B615DC00083755 /* WaveToolsTests.m */ = {isa = PBXFileReference; lastKnownFileType = sourcecode.c.objc; path = WaveToolsTests.m; sourceTree = "<group>"; };
		F202546D15B6180800083755 /* DWTMath.h */ = {isa = PBXFileReference; fileEncoding = 4; lastKnownFileType = sourcecode.c.h; path = DWTMath.h; sourceTree = "<group>"; };
		F202546E15B6180800083755 /* DWTMath.m */ = {isa = PBXFileReference; fileEncoding = 4; lastKnownFileType = sourcecode.c.objc; path = DWTMath.m; sourceTree = "<group>"; };
		F26B869715BB3D2400844298 /* WaveChunkTests.h */ = {isa = PBXFileReference; fileEncoding = 4; lastKnownFileType = sourcecode.c.h; path = WaveChunkTests.h; sourceTree = "<group>"; };
		F26B869815BB3D2400844298 /* WaveChunkTests.m */ = {isa = PBXFileReference; fileEncoding = 4; lastKnownFileType = sourcecode.c.objc; path = WaveChunkTests.m; sourceTree = "<group>"; };
		F27BDDB615BB70E700AF31E6 /* DWTWaveListAdtlChunk.h */ = {isa = PBXFileReference; fileEncoding = 4; lastKnownFileType = sourcecode.c.h; path = DWTWaveListAdtlChunk.h; sourceTree = "<group>"; };
		F27BDDB715BB70E800AF31E6 /* DWTWaveListAdtlChunk.m */ = {isa = PBXFileReference; fileEncoding = 4; lastKnownFileType = sourcecode.c.objc; path = DWTWaveListAdtlChunk.m; sourceTree = "<group>"; };
		F27BDDBB15BB718400AF31E6 /* DWTWaveLabelChunk.h */ = {isa = PBXFileReference; fileEncoding = 4; lastKnownFileType = sourcecode.c.h; path = DWTWaveLabelChunk.h; sourceTree = "<group>"; };
		F27BDDBC15BB718400AF31E6 /* DWTWaveLabelChunk.m */ = {isa = PBXFileReference; fileEncoding = 4; lastKnownFileType = sourcecode.c.objc; path = DWTWaveLabelChunk.m; sourceTree = "<group>"; };
		F27BDDBF15BB7D6B00AF31E6 /* DWTWaveCueChunk.h */ = {isa = PBXFileReference; fileEncoding = 4; lastKnownFileType = sourcecode.c.h; path = DWTWaveCueChunk.h; sourceTree = "<group>"; };
		F27BDDC015BB7D6B00AF31E6 /* DWTWaveCueChunk.m */ = {isa = PBXFileReference; fileEncoding = 4; lastKnownFileType = sourcecode.c.objc; path = DWTWaveCueChunk.m; sourceTree = "<group>"; };
		F27BDDC315BB836A00AF31E6 /* NSData+WaveToolsExtensions.h */ = {isa = PBXFileReference; fileEncoding = 4; lastKnownFileType = sourcecode.c.h; path = "NSData+WaveToolsExtensions.h"; sourceTree = "<group>"; };
		F27BDDC415BB836A00AF31E6 /* NSData+WaveToolsExtensions.m */ = {isa = PBXFileReference; fileEncoding = 4; lastKnownFileType = sourcecode.c.objc; path = "NSData+WaveToolsExtensions.m"; sourceTree = "<group>"; };
		F27BDDC715BB9BDF00AF31E6 /* DWTWaveSilentChunk.h */ = {isa = PBXFileReference; fileEncoding = 4; lastKnownFileType = sourcecode.c.h; path = DWTWaveSilentChunk.h; sourceTree = "<group>"; };
		F27BDDC815BB9BE000AF31E6 /* DWTWaveSilentChunk.m */ = {isa = PBXFileReference; fileEncoding = 4; lastKnownFileType = sourcecode.c.objc; path = DWTWaveSilentChunk.m; sourceTree = "<group>"; };
		F27BDDCF15BBB73F00AF31E6 /* DWTWavePlaylistChunk.h */ = {isa = PBXFileReference; fileEncoding = 4; lastKnownFileType = sourcecode.c.h; path = DWTWavePlaylistChunk.h; sourceTree = "<group>"; };
		F27BDDD015BBB73F00AF31E6 /* DWTWavePlaylistChunk.m */ = {isa = PBXFileReference; fileEncoding = 4; lastKnownFileType = sourcecode.c.objc; path = DWTWavePlaylistChunk.m; sourceTree = "<group>"; };
		F28A6A1515B65CC400B4FFD0 /* README.markdown */ = {isa = PBXFileReference; lastKnownFileType = text; path = README.markdown; sourceTree = "<group>"; };
		F2EC842715B61ABA0069145A /* WaveToolsLocalization.h */ = {isa = PBXFileReference; fileEncoding = 4; lastKnownFileType = sourcecode.c.h; path = WaveToolsLocalization.h; sourceTree = "<group>"; };
		F2EC842B15B61BEE0069145A /* WaveToolsBundleUtils.h */ = {isa = PBXFileReference; fileEncoding = 4; lastKnownFileType = sourcecode.c.h; path = WaveToolsBundleUtils.h; sourceTree = "<group>"; };
		F2EC842C15B61BEE0069145A /* WaveToolsBundleUtils.m */ = {isa = PBXFileReference; fileEncoding = 4; lastKnownFileType = sourcecode.c.objc; path = WaveToolsBundleUtils.m; sourceTree = "<group>"; };
		F2EC843415B638930069145A /* DWTWaveChunk.h */ = {isa = PBXFileReference; fileEncoding = 4; lastKnownFileType = sourcecode.c.h; path = DWTWaveChunk.h; sourceTree = "<group>"; };
		F2EC843515B638930069145A /* DWTWaveChunk.m */ = {isa = PBXFileReference; fileEncoding = 4; lastKnownFileType = sourcecode.c.objc; path = DWTWaveChunk.m; sourceTree = "<group>"; };
		F2EC843815B63AEF0069145A /* DWTWaveUnknownChunk.h */ = {isa = PBXFileReference; fileEncoding = 4; lastKnownFileType = sourcecode.c.h; path = DWTWaveUnknownChunk.h; sourceTree = "<group>"; };
		F2EC843915B63AEF0069145A /* DWTWaveUnknownChunk.m */ = {isa = PBXFileReference; fileEncoding = 4; lastKnownFileType = sourcecode.c.objc; path = DWTWaveUnknownChunk.m; sourceTree = "<group>"; };
		F2EC843C15B648E40069145A /* DWTWaveDataChunk.h */ = {isa = PBXFileReference; fileEncoding = 4; lastKnownFileType = sourcecode.c.h; path = DWTWaveDataChunk.h; sourceTree = "<group>"; };
		F2EC843D15B648E40069145A /* DWTWaveDataChunk.m */ = {isa = PBXFileReference; fileEncoding = 4; lastKnownFileType = sourcecode.c.objc; path = DWTWaveDataChunk.m; sourceTree = "<group>"; };
		F2EC844015B6496D0069145A /* DWTWaveFmtChunk.h */ = {isa = PBXFileReference; fileEncoding = 4; lastKnownFileType = sourcecode.c.h; path = DWTWaveFmtChunk.h; sourceTree = "<group>"; };
		F2EC844115B6496D0069145A /* DWTWaveFmtChunk.m */ = {isa = PBXFileReference; fileEncoding = 4; lastKnownFileType = sourcecode.c.objc; path = DWTWaveFmtChunk.m; sourceTree = "<group>"; };
		F2EC844515B64AF50069145A /* DWTWaveChunkClasses.plist */ = {isa = PBXFileReference; fileEncoding = 4; lastKnownFileType = text.plist.xml; path = DWTWaveChunkClasses.plist; sourceTree = "<group>"; };
		F2EC844715B64B510069145A /* DWTWaveGenericListChunk.h */ = {isa = PBXFileReference; fileEncoding = 4; lastKnownFileType = sourcecode.c.h; path = DWTWaveGenericListChunk.h; sourceTree = "<group>"; };
		F2EC844815B64B510069145A /* DWTWaveGenericListChunk.m */ = {isa = PBXFileReference; fileEncoding = 4; lastKnownFileType = sourcecode.c.objc; path = DWTWaveGenericListChunk.m; sourceTree = "<group>"; };
		F2EC844B15B64BA80069145A /* DWTWaveListInfoChunk.h */ = {isa = PBXFileReference; fileEncoding = 4; lastKnownFileType = sourcecode.c.h; path = DWTWaveListInfoChunk.h; sourceTree = "<group>"; };
		F2EC844C15B64BA80069145A /* DWTWaveListInfoChunk.m */ = {isa = PBXFileReference; fileEncoding = 4; lastKnownFileType = sourcecode.c.objc; path = DWTWaveListInfoChunk.m; sourceTree = "<group>"; };
		F2EC844F15B64C250069145A /* DWTWaveStringChunk.h */ = {isa = PBXFileReference; fileEncoding = 4; lastKnownFileType = sourcecode.c.h; path = DWTWaveStringChunk.h; sourceTree = "<group>"; };
		F2EC845015B64C250069145A /* DWTWaveStringChunk.m */ = {isa = PBXFileReference; fileEncoding = 4; lastKnownFileType = sourcecode.c.objc; path = DWTWaveStringChunk.m; sourceTree = "<group>"; };
/* End PBXFileReference section */

/* Begin PBXFrameworksBuildPhase section */
		F202543815B615DC00083755 /* Frameworks */ = {
			isa = PBXFrameworksBuildPhase;
			buildActionMask = 2147483647;
			files = (
				F202544015B615DC00083755 /* Cocoa.framework in Frameworks */,
			);
			runOnlyForDeploymentPostprocessing = 0;
		};
		F202545015B615DC00083755 /* Frameworks */ = {
			isa = PBXFrameworksBuildPhase;
			buildActionMask = 2147483647;
			files = (
				F202545615B615DC00083755 /* SenTestingKit.framework in Frameworks */,
				F202545715B615DC00083755 /* Cocoa.framework in Frameworks */,
				F202545A15B615DC00083755 /* WaveTools.framework in Frameworks */,
			);
			runOnlyForDeploymentPostprocessing = 0;
		};
/* End PBXFrameworksBuildPhase section */

/* Begin PBXGroup section */
		F202543015B615DC00083755 = {
			isa = PBXGroup;
			children = (
				F28A6A1515B65CC400B4FFD0 /* README.markdown */,
				F202544515B615DC00083755 /* WaveTools */,
				F202545B15B615DC00083755 /* WaveToolsTests */,
				F202543E15B615DC00083755 /* Frameworks */,
				F202543D15B615DC00083755 /* Products */,
			);
			sourceTree = "<group>";
		};
		F202543D15B615DC00083755 /* Products */ = {
			isa = PBXGroup;
			children = (
				F202543C15B615DC00083755 /* WaveTools.framework */,
				F202545415B615DC00083755 /* WaveToolsTests.octest */,
			);
			name = Products;
			sourceTree = "<group>";
		};
		F202543E15B615DC00083755 /* Frameworks */ = {
			isa = PBXGroup;
			children = (
				F202543F15B615DC00083755 /* Cocoa.framework */,
				F202545515B615DC00083755 /* SenTestingKit.framework */,
				F202544115B615DC00083755 /* Other Frameworks */,
			);
			name = Frameworks;
			sourceTree = "<group>";
		};
		F202544115B615DC00083755 /* Other Frameworks */ = {
			isa = PBXGroup;
			children = (
				F202544215B615DC00083755 /* AppKit.framework */,
				F202544315B615DC00083755 /* CoreData.framework */,
				F202544415B615DC00083755 /* Foundation.framework */,
			);
			name = "Other Frameworks";
			sourceTree = "<group>";
		};
		F202544515B615DC00083755 /* WaveTools */ = {
			isa = PBXGroup;
			children = (
				F202544C15B615DC00083755 /* WaveTools.h */,
				F2EC842B15B61BEE0069145A /* WaveToolsBundleUtils.h */,
				F2EC842C15B61BEE0069145A /* WaveToolsBundleUtils.m */,
				F2EC842715B61ABA0069145A /* WaveToolsLocalization.h */,
				F202546D15B6180800083755 /* DWTMath.h */,
				F202546E15B6180800083755 /* DWTMath.m */,
				F2EC843315B638560069145A /* WaveChunk */,
				F2EC844415B64A900069145A /* Resources */,
				F202544615B615DC00083755 /* Supporting Files */,
			);
			path = WaveTools;
			sourceTree = "<group>";
		};
		F202544615B615DC00083755 /* Supporting Files */ = {
			isa = PBXGroup;
			children = (
				F202544715B615DC00083755 /* WaveTools-Info.plist */,
				F202544815B615DC00083755 /* InfoPlist.strings */,
				F202544B15B615DC00083755 /* WaveTools-Prefix.pch */,
			);
			name = "Supporting Files";
			sourceTree = "<group>";
		};
		F202545B15B615DC00083755 /* WaveToolsTests */ = {
			isa = PBXGroup;
			children = (
				F202546115B615DC00083755 /* WaveToolsTests.h */,
				F202546315B615DC00083755 /* WaveToolsTests.m */,
				F26B869715BB3D2400844298 /* WaveChunkTests.h */,
				F26B869815BB3D2400844298 /* WaveChunkTests.m */,
				F202545C15B615DC00083755 /* Supporting Files */,
			);
			path = WaveToolsTests;
			sourceTree = "<group>";
		};
		F202545C15B615DC00083755 /* Supporting Files */ = {
			isa = PBXGroup;
			children = (
				F202545D15B615DC00083755 /* WaveToolsTests-Info.plist */,
				F202545E15B615DC00083755 /* InfoPlist.strings */,
			);
			name = "Supporting Files";
			sourceTree = "<group>";
		};
		F2EC843315B638560069145A /* WaveChunk */ = {
			isa = PBXGroup;
			children = (
				F27BDDC315BB836A00AF31E6 /* NSData+WaveToolsExtensions.h */,
				F27BDDC415BB836A00AF31E6 /* NSData+WaveToolsExtensions.m */,
				F2EC843415B638930069145A /* DWTWaveChunk.h */,
				F2EC843515B638930069145A /* DWTWaveChunk.m */,
				F2EC843815B63AEF0069145A /* DWTWaveUnknownChunk.h */,
				F2EC843915B63AEF0069145A /* DWTWaveUnknownChunk.m */,
				F2EC843C15B648E40069145A /* DWTWaveDataChunk.h */,
				F2EC843D15B648E40069145A /* DWTWaveDataChunk.m */,
				F2EC844015B6496D0069145A /* DWTWaveFmtChunk.h */,
				F2EC844115B6496D0069145A /* DWTWaveFmtChunk.m */,
				F2EC844715B64B510069145A /* DWTWaveGenericListChunk.h */,
				F2EC844815B64B510069145A /* DWTWaveGenericListChunk.m */,
				F2EC844B15B64BA80069145A /* DWTWaveListInfoChunk.h */,
				F2EC844C15B64BA80069145A /* DWTWaveListInfoChunk.m */,
				F27BDDB615BB70E700AF31E6 /* DWTWaveListAdtlChunk.h */,
				F27BDDB715BB70E800AF31E6 /* DWTWaveListAdtlChunk.m */,
				F2EC844F15B64C250069145A /* DWTWaveStringChunk.h */,
				F2EC845015B64C250069145A /* DWTWaveStringChunk.m */,
				F27BDDBB15BB718400AF31E6 /* DWTWaveLabelChunk.h */,
				F27BDDBC15BB718400AF31E6 /* DWTWaveLabelChunk.m */,
				F27BDDBF15BB7D6B00AF31E6 /* DWTWaveCueChunk.h */,
				F27BDDC015BB7D6B00AF31E6 /* DWTWaveCueChunk.m */,
				F27BDDC715BB9BDF00AF31E6 /* DWTWaveSilentChunk.h */,
				F27BDDC815BB9BE000AF31E6 /* DWTWaveSilentChunk.m */,
				F27BDDCF15BBB73F00AF31E6 /* DWTWavePlaylistChunk.h */,
				F27BDDD015BBB73F00AF31E6 /* DWTWavePlaylistChunk.m */,
			);
			name = WaveChunk;
			sourceTree = "<group>";
		};
		F2EC844415B64A900069145A /* Resources */ = {
			isa = PBXGroup;
			children = (
				F2EC844515B64AF50069145A /* DWTWaveChunkClasses.plist */,
			);
			name = Resources;
			sourceTree = "<group>";
		};
/* End PBXGroup section */

/* Begin PBXHeadersBuildPhase section */
		F202543915B615DC00083755 /* Headers */ = {
			isa = PBXHeadersBuildPhase;
			buildActionMask = 2147483647;
			files = (
				F202546F15B6180800083755 /* DWTMath.h in Headers */,
				F2EC842515B61A910069145A /* WaveTools.h in Headers */,
				F2EC842915B61ABB0069145A /* WaveToolsLocalization.h in Headers */,
				F2EC842D15B61BEE0069145A /* WaveToolsBundleUtils.h in Headers */,
				F2EC843615B638930069145A /* DWTWaveChunk.h in Headers */,
				F2EC843A15B63AEF0069145A /* DWTWaveUnknownChunk.h in Headers */,
				F2EC843E15B648E40069145A /* DWTWaveDataChunk.h in Headers */,
				F2EC844215B6496D0069145A /* DWTWaveFmtChunk.h in Headers */,
				F2EC844915B64B510069145A /* DWTWaveGenericListChunk.h in Headers */,
				F2EC844D15B64BA80069145A /* DWTWaveListInfoChunk.h in Headers */,
				F2EC845115B64C250069145A /* DWTWaveStringChunk.h in Headers */,
				F27BDDB815BB70E800AF31E6 /* DWTWaveListAdtlChunk.h in Headers */,
				F27BDDBD15BB718400AF31E6 /* DWTWaveLabelChunk.h in Headers */,
				F27BDDC115BB7D6B00AF31E6 /* DWTWaveCueChunk.h in Headers */,
				F27BDDC515BB836A00AF31E6 /* NSData+WaveToolsExtensions.h in Headers */,
				F27BDDC915BB9BE000AF31E6 /* DWTWaveSilentChunk.h in Headers */,
				F27BDDD115BBB73F00AF31E6 /* DWTWavePlaylistChunk.h in Headers */,
			);
			runOnlyForDeploymentPostprocessing = 0;
		};
/* End PBXHeadersBuildPhase section */

/* Begin PBXNativeTarget section */
		F202543B15B615DC00083755 /* WaveTools */ = {
			isa = PBXNativeTarget;
			buildConfigurationList = F202546715B615DC00083755 /* Build configuration list for PBXNativeTarget "WaveTools" */;
			buildPhases = (
				F202543715B615DC00083755 /* Sources */,
				F202543815B615DC00083755 /* Frameworks */,
				F202543915B615DC00083755 /* Headers */,
				F202543A15B615DC00083755 /* Resources */,
			);
			buildRules = (
			);
			dependencies = (
			);
			name = WaveTools;
			productName = WaveTools;
			productReference = F202543C15B615DC00083755 /* WaveTools.framework */;
			productType = "com.apple.product-type.framework";
		};
		F202545315B615DC00083755 /* WaveToolsTests */ = {
			isa = PBXNativeTarget;
			buildConfigurationList = F202546A15B615DC00083755 /* Build configuration list for PBXNativeTarget "WaveToolsTests" */;
			buildPhases = (
				F202544F15B615DC00083755 /* Sources */,
				F202545015B615DC00083755 /* Frameworks */,
				F202545115B615DC00083755 /* Resources */,
				F202545215B615DC00083755 /* ShellScript */,
			);
			buildRules = (
			);
			dependencies = (
				F202545915B615DC00083755 /* PBXTargetDependency */,
			);
			name = WaveToolsTests;
			productName = WaveToolsTests;
			productReference = F202545415B615DC00083755 /* WaveToolsTests.octest */;
			productType = "com.apple.product-type.bundle";
		};
/* End PBXNativeTarget section */

/* Begin PBXProject section */
		F202543215B615DC00083755 /* Project object */ = {
			isa = PBXProject;
			attributes = {
				ORGANIZATIONNAME = "Ben Cox";
			};
			buildConfigurationList = F202543515B615DC00083755 /* Build configuration list for PBXProject "WaveTools" */;
			compatibilityVersion = "Xcode 3.2";
			developmentRegion = English;
			hasScannedForEncodings = 0;
			knownRegions = (
				en,
			);
			mainGroup = F202543015B615DC00083755;
			productRefGroup = F202543D15B615DC00083755 /* Products */;
			projectDirPath = "";
			projectRoot = "";
			targets = (
				F202543B15B615DC00083755 /* WaveTools */,
				F202545315B615DC00083755 /* WaveToolsTests */,
			);
		};
/* End PBXProject section */

/* Begin PBXResourcesBuildPhase section */
		F202543A15B615DC00083755 /* Resources */ = {
			isa = PBXResourcesBuildPhase;
			buildActionMask = 2147483647;
			files = (
				F202544A15B615DC00083755 /* InfoPlist.strings in Resources */,
				F2EC844615B64AF50069145A /* DWTWaveChunkClasses.plist in Resources */,
			);
			runOnlyForDeploymentPostprocessing = 0;
		};
		F202545115B615DC00083755 /* Resources */ = {
			isa = PBXResourcesBuildPhase;
			buildActionMask = 2147483647;
			files = (
				F202546015B615DC00083755 /* InfoPlist.strings in Resources */,
				F202546215B615DC00083755 /* WaveToolsTests.h in Resources */,
			);
			runOnlyForDeploymentPostprocessing = 0;
		};
/* End PBXResourcesBuildPhase section */

/* Begin PBXShellScriptBuildPhase section */
		F202545215B615DC00083755 /* ShellScript */ = {
			isa = PBXShellScriptBuildPhase;
			buildActionMask = 2147483647;
			files = (
			);
			inputPaths = (
			);
			outputPaths = (
			);
			runOnlyForDeploymentPostprocessing = 0;
			shellPath = /bin/sh;
			shellScript = "# Run the unit tests in this test bundle.\n\"${SYSTEM_DEVELOPER_DIR}/Tools/RunUnitTests\"\n";
		};
/* End PBXShellScriptBuildPhase section */

/* Begin PBXSourcesBuildPhase section */
		F202543715B615DC00083755 /* Sources */ = {
			isa = PBXSourcesBuildPhase;
			buildActionMask = 2147483647;
			files = (
				F202547015B6180800083755 /* DWTMath.m in Sources */,
				F2EC842E15B61BEE0069145A /* WaveToolsBundleUtils.m in Sources */,
				F2EC843715B638930069145A /* DWTWaveChunk.m in Sources */,
				F2EC843B15B63AEF0069145A /* DWTWaveUnknownChunk.m in Sources */,
				F2EC843F15B648E40069145A /* DWTWaveDataChunk.m in Sources */,
				F2EC844315B6496D0069145A /* DWTWaveFmtChunk.m in Sources */,
				F2EC844A15B64B510069145A /* DWTWaveGenericListChunk.m in Sources */,
				F2EC844E15B64BA80069145A /* DWTWaveListInfoChunk.m in Sources */,
				F2EC845215B64C250069145A /* DWTWaveStringChunk.m in Sources */,
				F27BDDB915BB70E800AF31E6 /* DWTWaveListAdtlChunk.m in Sources */,
				F27BDDBE15BB718400AF31E6 /* DWTWaveLabelChunk.m in Sources */,
				F27BDDC215BB7D6B00AF31E6 /* DWTWaveCueChunk.m in Sources */,
				F27BDDC615BB836A00AF31E6 /* NSData+WaveToolsExtensions.m in Sources */,
				F27BDDCA15BB9BE000AF31E6 /* DWTWaveSilentChunk.m in Sources */,
				F27BDDD215BBB73F00AF31E6 /* DWTWavePlaylistChunk.m in Sources */,
			);
			runOnlyForDeploymentPostprocessing = 0;
		};
		F202544F15B615DC00083755 /* Sources */ = {
			isa = PBXSourcesBuildPhase;
			buildActionMask = 2147483647;
			files = (
				F202546415B615DC00083755 /* WaveToolsTests.m in Sources */,
				F26B869915BB3D2400844298 /* WaveChunkTests.m in Sources */,
			);
			runOnlyForDeploymentPostprocessing = 0;
		};
/* End PBXSourcesBuildPhase section */

/* Begin PBXTargetDependency section */
		F202545915B615DC00083755 /* PBXTargetDependency */ = {
			isa = PBXTargetDependency;
			target = F202543B15B615DC00083755 /* WaveTools */;
			targetProxy = F202545815B615DC00083755 /* PBXContainerItemProxy */;
		};
/* End PBXTargetDependency section */

/* Begin PBXVariantGroup section */
		F202544815B615DC00083755 /* InfoPlist.strings */ = {
			isa = PBXVariantGroup;
			children = (
				F202544915B615DC00083755 /* en */,
			);
			name = InfoPlist.strings;
			sourceTree = "<group>";
		};
		F202545E15B615DC00083755 /* InfoPlist.strings */ = {
			isa = PBXVariantGroup;
			children = (
				F202545F15B615DC00083755 /* en */,
			);
			name = InfoPlist.strings;
			sourceTree = "<group>";
		};
/* End PBXVariantGroup section */

/* Begin XCBuildConfiguration section */
		F202546515B615DC00083755 /* Debug */ = {
			isa = XCBuildConfiguration;
			buildSettings = {
				ALWAYS_SEARCH_USER_PATHS = NO;
				ARCHS = "$(ARCHS_STANDARD_64_BIT)";
				COPY_PHASE_STRIP = NO;
				GCC_C_LANGUAGE_STANDARD = c99;
				GCC_DYNAMIC_NO_PIC = NO;
				GCC_ENABLE_OBJC_EXCEPTIONS = YES;
				GCC_OPTIMIZATION_LEVEL = 0;
				GCC_PREPROCESSOR_DEFINITIONS = (
					"DEBUG=1",
					"$(inherited)",
				);
				GCC_SYMBOLS_PRIVATE_EXTERN = NO;
				GCC_VERSION = com.apple.compilers.llvm.clang.1_0;
				GCC_WARN_64_TO_32_BIT_CONVERSION = YES;
				GCC_WARN_ABOUT_MISSING_PROTOTYPES = YES;
				GCC_WARN_ABOUT_RETURN_TYPE = YES;
				GCC_WARN_UNUSED_VARIABLE = YES;
				MACOSX_DEPLOYMENT_TARGET = 10.7;
				ONLY_ACTIVE_ARCH = YES;
				SDKROOT = macosx;
			};
			name = Debug;
		};
		F202546615B615DC00083755 /* Release */ = {
			isa = XCBuildConfiguration;
			buildSettings = {
				ALWAYS_SEARCH_USER_PATHS = NO;
				ARCHS = "$(ARCHS_STANDARD_64_BIT)";
				COPY_PHASE_STRIP = YES;
				DEBUG_INFORMATION_FORMAT = "dwarf-with-dsym";
				GCC_C_LANGUAGE_STANDARD = c99;
				GCC_ENABLE_OBJC_EXCEPTIONS = YES;
				GCC_VERSION = com.apple.compilers.llvm.clang.1_0;
				GCC_WARN_64_TO_32_BIT_CONVERSION = YES;
				GCC_WARN_ABOUT_MISSING_PROTOTYPES = YES;
				GCC_WARN_ABOUT_RETURN_TYPE = YES;
				GCC_WARN_UNUSED_VARIABLE = YES;
				MACOSX_DEPLOYMENT_TARGET = 10.7;
				SDKROOT = macosx;
			};
			name = Release;
		};
		F202546815B615DC00083755 /* Debug */ = {
			isa = XCBuildConfiguration;
			buildSettings = {
				DYLIB_COMPATIBILITY_VERSION = 1;
				DYLIB_CURRENT_VERSION = 1;
				FRAMEWORK_VERSION = A;
				GCC_PRECOMPILE_PREFIX_HEADER = YES;
				GCC_PREFIX_HEADER = "WaveTools/WaveTools-Prefix.pch";
				INFOPLIST_FILE = "WaveTools/WaveTools-Info.plist";
				INSTALL_PATH = "@rpath";
				PRODUCT_NAME = "$(TARGET_NAME)";
				WRAPPER_EXTENSION = framework;
			};
			name = Debug;
		};
		F202546915B615DC00083755 /* Release */ = {
			isa = XCBuildConfiguration;
			buildSettings = {
				DYLIB_COMPATIBILITY_VERSION = 1;
				DYLIB_CURRENT_VERSION = 1;
				FRAMEWORK_VERSION = A;
				GCC_PRECOMPILE_PREFIX_HEADER = YES;
				GCC_PREFIX_HEADER = "WaveTools/WaveTools-Prefix.pch";
				INFOPLIST_FILE = "WaveTools/WaveTools-Info.plist";
				INSTALL_PATH = "@rpath";
				PRODUCT_NAME = "$(TARGET_NAME)";
				WRAPPER_EXTENSION = framework;
			};
			name = Release;
		};
		F202546B15B615DC00083755 /* Debug */ = {
			isa = XCBuildConfiguration;
			buildSettings = {
				FRAMEWORK_SEARCH_PATHS = "$(DEVELOPER_LIBRARY_DIR)/Frameworks";
				GCC_PRECOMPILE_PREFIX_HEADER = YES;
				GCC_PREFIX_HEADER = "WaveTools/WaveTools-Prefix.pch";
				INFOPLIST_FILE = "WaveToolsTests/WaveToolsTests-Info.plist";
				PRODUCT_NAME = "$(TARGET_NAME)";
				WRAPPER_EXTENSION = octest;
			};
			name = Debug;
		};
		F202546C15B615DC00083755 /* Release */ = {
			isa = XCBuildConfiguration;
			buildSettings = {
				FRAMEWORK_SEARCH_PATHS = "$(DEVELOPER_LIBRARY_DIR)/Frameworks";
				GCC_PRECOMPILE_PREFIX_HEADER = YES;
				GCC_PREFIX_HEADER = "WaveTools/WaveTools-Prefix.pch";
				INFOPLIST_FILE = "WaveToolsTests/WaveToolsTests-Info.plist";
				PRODUCT_NAME = "$(TARGET_NAME)";
				WRAPPER_EXTENSION = octest;
			};
			name = Release;
		};
/* End XCBuildConfiguration section */

/* Begin XCConfigurationList section */
		F202543515B615DC00083755 /* Build configuration list for PBXProject "WaveTools" */ = {
			isa = XCConfigurationList;
			buildConfigurations = (
				F202546515B615DC00083755 /* Debug */,
				F202546615B615DC00083755 /* Release */,
			);
			defaultConfigurationIsVisible = 0;
			defaultConfigurationName = Release;
		};
		F202546715B615DC00083755 /* Build configuration list for PBXNativeTarget "WaveTools" */ = {
			isa = XCConfigurationList;
			buildConfigurations = (
				F202546815B615DC00083755 /* Debug */,
				F202546915B615DC00083755 /* Release */,
			);
			defaultConfigurationIsVisible = 0;
			defaultConfigurationName = Release;
		};
		F202546A15B615DC00083755 /* Build configuration list for PBXNativeTarget "WaveToolsTests" */ = {
			isa = XCConfigurationList;
			buildConfigurations = (
				F202546B15B615DC00083755 /* Debug */,
				F202546C15B615DC00083755 /* Release */,
			);
			defaultConfigurationIsVisible = 0;
			defaultConfigurationName = Release;
		};
/* End XCConfigurationList section */
	};
	rootObject = F202543215B615DC00083755 /* Project object */;
}
